
Microsoft Visual Studio Solution File, Format Version 11.00
# Visual Studio 2010
Project("{FAE04EC0-301F-11D3-BF4B-00C04F79EFBC}") = "Kamilla", "Kamilla\Kamilla.csproj", "{D9A28396-9D16-41A0-90D1-DD3F5CC5F1C5}"
EndProject
Project("{FAE04EC0-301F-11D3-BF4B-00C04F79EFBC}") = "NetworkLogViewer", "NetworkLogViewer\NetworkLogViewer.csproj", "{535A874C-725C-410A-AB80-673366EBE05A}"
EndProject
Project("{FAE04EC0-301F-11D3-BF4B-00C04F79EFBC}") = "Kamilla.Wow", "Kamilla.Wow\Kamilla.Wow.csproj", "{5FC1AFC8-0EF6-47CA-8426-8730D4894261}"
EndProject
Global
	GlobalSection(SolutionConfigurationPlatforms) = preSolution
		Debug|x86-32 = Debug|x86-32
		Debug|x86-64 = Debug|x86-64
		Release|x86-32 = Release|x86-32
		Release|x86-64 = Release|x86-64
	EndGlobalSection
	GlobalSection(ProjectConfigurationPlatforms) = postSolution
		{D9A28396-9D16-41A0-90D1-DD3F5CC5F1C5}.Debug|x86-32.ActiveCfg = Debug|Any CPU
		{D9A28396-9D16-41A0-90D1-DD3F5CC5F1C5}.Debug|x86-32.Build.0 = Debug|Any CPU
		{D9A28396-9D16-41A0-90D1-DD3F5CC5F1C5}.Debug|x86-64.ActiveCfg = Debug|Any CPU
		{D9A28396-9D16-41A0-90D1-DD3F5CC5F1C5}.Debug|x86-64.Build.0 = Debug|Any CPU
		{D9A28396-9D16-41A0-90D1-DD3F5CC5F1C5}.Release|x86-32.ActiveCfg = Release|Any CPU
		{D9A28396-9D16-41A0-90D1-DD3F5CC5F1C5}.Release|x86-32.Build.0 = Release|Any CPU
		{D9A28396-9D16-41A0-90D1-DD3F5CC5F1C5}.Release|x86-64.ActiveCfg = Release|Any CPU
		{D9A28396-9D16-41A0-90D1-DD3F5CC5F1C5}.Release|x86-64.Build.0 = Release|Any CPU
		{535A874C-725C-410A-AB80-673366EBE05A}.Debug|x86-32.ActiveCfg = Debug|x86
		{535A874C-725C-410A-AB80-673366EBE05A}.Debug|x86-32.Build.0 = Debug|x86
		{535A874C-725C-410A-AB80-673366EBE05A}.Debug|x86-64.ActiveCfg = Debug|x64
		{535A874C-725C-410A-AB80-673366EBE05A}.Debug|x86-64.Build.0 = Debug|x64
		{535A874C-725C-410A-AB80-673366EBE05A}.Release|x86-32.ActiveCfg = Release|x86
		{535A874C-725C-410A-AB80-673366EBE05A}.Release|x86-32.Build.0 = Release|x86
		{535A874C-725C-410A-AB80-673366EBE05A}.Release|x86-64.ActiveCfg = Release|x64
		{535A874C-725C-410A-AB80-673366EBE05A}.Release|x86-64.Build.0 = Release|x64
		{5FC1AFC8-0EF6-47CA-8426-8730D4894261}.Debug|x86-32.ActiveCfg = Debug|Any CPU
		{5FC1AFC8-0EF6-47CA-8426-8730D4894261}.Debug|x86-32.Build.0 = Debug|Any CPU
		{5FC1AFC8-0EF6-47CA-8426-8730D4894261}.Debug|x86-64.ActiveCfg = Debug|Any CPU
		{5FC1AFC8-0EF6-47CA-8426-8730D4894261}.Debug|x86-64.Build.0 = Debug|Any CPU
		{5FC1AFC8-0EF6-47CA-8426-8730D4894261}.Release|x86-32.ActiveCfg = Release|Any CPU
		{5FC1AFC8-0EF6-47CA-8426-8730D4894261}.Release|x86-32.Build.0 = Release|Any CPU
		{5FC1AFC8-0EF6-47CA-8426-8730D4894261}.Release|x86-64.ActiveCfg = Release|Any CPU
		{5FC1AFC8-0EF6-47CA-8426-8730D4894261}.Release|x86-64.Build.0 = Release|Any CPU
	EndGlobalSection
	GlobalSection(SolutionProperties) = preSolution
		HideSolutionNode = FALSE
	EndGlobalSection
EndGlobal
